
Microsoft Visual Studio Solution File, Format Version 12.00
# Visual Studio Version 16
VisualStudioVersion = 16.0.30804.86
MinimumVisualStudioVersion = 10.0.40219.1
Project("{FAE04EC0-301F-11D3-BF4B-00C04F79EFBC}") = "kurcekme", "kurcekme\kurcekme.csproj", "{56D05605-6725-4ACC-9479-5A56E282E055}"
EndProject
Global
	GlobalSection(SolutionConfigurationPlatforms) = preSolution
		Debug|Any CPU = Debug|Any CPU
		Release|Any CPU = Release|Any CPU
	EndGlobalSection
	GlobalSection(ProjectConfigurationPlatforms) = postSolution
		{56D05605-6725-4ACC-9479-5A56E282E055}.Debug|Any CPU.ActiveCfg = Debug|Any CPU
		{56D05605-6725-4ACC-9479-5A56E282E055}.Debug|Any CPU.Build.0 = Debug|Any CPU
		{56D05605-6725-4ACC-9479-5A56E282E055}.Release|Any CPU.ActiveCfg = Release|Any CPU
		{56D05605-6725-4ACC-9479-5A56E282E055}.Release|Any CPU.Build.0 = Release|Any CPU
	EndGlobalSection
	GlobalSection(SolutionProperties) = preSolution
		HideSolutionNode = FALSE
	EndGlobalSection
	GlobalSection(ExtensibilityGlobals) = postSolution
		SolutionGuid = {6CF434BD-FF80-42CD-A7F9-3FC3A4F39F6A}
	EndGlobalSection
EndGlobal
